// !$*UTF8*$!
{
	archiveVersion = 1;
	classes = {
	};
	objectVersion = 46;
	objects = {

/* Begin PBXBuildFile section */
		6B5390721DED3BA6003B7BB5 /* main.m in Sources */ = {isa = PBXBuildFile; fileRef = 6B5390711DED3BA6003B7BB5 /* main.m */; };
		6B53907B1DED3BA6003B7BB5 /* Main.storyboard in Resources */ = {isa = PBXBuildFile; fileRef = 6B5390791DED3BA6003B7BB5 /* Main.storyboard */; };
		6B5390801DED3BA6003B7BB5 /* LaunchScreen.storyboard in Resources */ = {isa = PBXBuildFile; fileRef = 6B53907E1DED3BA6003B7BB5 /* LaunchScreen.storyboard */; };
		6B53908B1DED3BA6003B7BB5 /* ChatqqTests.m in Sources */ = {isa = PBXBuildFile; fileRef = 6B53908A1DED3BA6003B7BB5 /* ChatqqTests.m */; };
		6B5390961DED3BA6003B7BB5 /* ChatqqUITests.m in Sources */ = {isa = PBXBuildFile; fileRef = 6B5390951DED3BA6003B7BB5 /* ChatqqUITests.m */; };
		6B5390AD1DED3C09003B7BB5 /* AppDelegate.m in Sources */ = {isa = PBXBuildFile; fileRef = 6B5390AC1DED3C09003B7BB5 /* AppDelegate.m */; };
		6B5390B01DED3F9A003B7BB5 /* autoreply.plist in Resources */ = {isa = PBXBuildFile; fileRef = 6B5390AE1DED3F9A003B7BB5 /* autoreply.plist */; };
		6B5390B11DED3F9A003B7BB5 /* messages.plist in Resources */ = {isa = PBXBuildFile; fileRef = 6B5390AF1DED3F9A003B7BB5 /* messages.plist */; };
		6B5390B31DED40CD003B7BB5 /* Images.xcassets in Resources */ = {isa = PBXBuildFile; fileRef = 6B5390B21DED40CD003B7BB5 /* Images.xcassets */; };
		6B5390B61DED50D6003B7BB5 /* HMMessage.m in Sources */ = {isa = PBXBuildFile; fileRef = 6B5390B51DED50D6003B7BB5 /* HMMessage.m */; };
		6B5390B91DED50E5003B7BB5 /* HMMessageFrame.m in Sources */ = {isa = PBXBuildFile; fileRef = 6B5390B81DED50E5003B7BB5 /* HMMessageFrame.m */; };
		6B5390BD1DED5993003B7BB5 /* HMMessageCell.m in Sources */ = {isa = PBXBuildFile; fileRef = 6B5390BC1DED5993003B7BB5 /* HMMessageCell.m */; };
		6B5390C31DED5AA7003B7BB5 /* NSString+Extension.m in Sources */ = {isa = PBXBuildFile; fileRef = 6B5390C01DED5AA7003B7BB5 /* NSString+Extension.m */; };
		6B5390C41DED5AA7003B7BB5 /* UIImage+Extension.m in Sources */ = {isa = PBXBuildFile; fileRef = 6B5390C21DED5AA7003B7BB5 /* UIImage+Extension.m */; };
		6B5390C71DED5DB0003B7BB5 /* HMViewController.m in Sources */ = {isa = PBXBuildFile; fileRef = 6B5390C61DED5DB0003B7BB5 /* HMViewController.m */; };
		6BBF35151DED634A00363914 /* MJViewController.m in Sources */ = {isa = PBXBuildFile; fileRef = 6BBF35141DED634A00363914 /* MJViewController.m */; };
/* End PBXBuildFile section */

/* Begin PBXContainerItemProxy section */
		6B5390871DED3BA6003B7BB5 /* PBXContainerItemProxy */ = {
			isa = PBXContainerItemProxy;
			containerPortal = 6B5390651DED3BA6003B7BB5 /* Project object */;
			proxyType = 1;
			remoteGlobalIDString = 6B53906C1DED3BA6003B7BB5;
			remoteInfo = Chatqq;
		};
		6B5390921DED3BA6003B7BB5 /* PBXContainerItemProxy */ = {
			isa = PBXContainerItemProxy;
			containerPortal = 6B5390651DED3BA6003B7BB5 /* Project object */;
			proxyType = 1;
			remoteGlobalIDString = 6B53906C1DED3BA6003B7BB5;
			remoteInfo = Chatqq;
		};
/* End PBXContainerItemProxy section */

/* Begin PBXFileReference section */
		6B53906D1DED3BA6003B7BB5 /* Chatqq.app */ = {isa = PBXFileReference; explicitFileType = wrapper.application; includeInIndex = 0; path = Chatqq.app; sourceTree = BUILT_PRODUCTS_DIR; };
		6B5390711DED3BA6003B7BB5 /* main.m */ = {isa = PBXFileReference; lastKnownFileType = sourcecode.c.objc; path = main.m; sourceTree = "<group>"; };
		6B53907A1DED3BA6003B7BB5 /* Base */ = {isa = PBXFileReference; lastKnownFileType = file.storyboard; name = Base; path = Base.lproj/Main.storyboard; sourceTree = "<group>"; };
		6B53907F1DED3BA6003B7BB5 /* Base */ = {isa = PBXFileReference; lastKnownFileType = file.storyboard; name = Base; path = Base.lproj/LaunchScreen.storyboard; sourceTree = "<group>"; };
		6B5390811DED3BA6003B7BB5 /* Info.plist */ = {isa = PBXFileReference; lastKnownFileType = text.plist.xml; path = Info.plist; sourceTree = "<group>"; };
		6B5390861DED3BA6003B7BB5 /* ChatqqTests.xctest */ = {isa = PBXFileReference; explicitFileType = wrapper.cfbundle; includeInIndex = 0; path = ChatqqTests.xctest; sourceTree = BUILT_PRODUCTS_DIR; };
		6B53908A1DED3BA6003B7BB5 /* ChatqqTests.m */ = {isa = PBXFileReference; lastKnownFileType = sourcecode.c.objc; path = ChatqqTests.m; sourceTree = "<group>"; };
		6B53908C1DED3BA6003B7BB5 /* Info.plist */ = {isa = PBXFileReference; lastKnownFileType = text.plist.xml; path = Info.plist; sourceTree = "<group>"; };
		6B5390911DED3BA6003B7BB5 /* ChatqqUITests.xctest */ = {isa = PBXFileReference; explicitFileType = wrapper.cfbundle; includeInIndex = 0; path = ChatqqUITests.xctest; sourceTree = BUILT_PRODUCTS_DIR; };
		6B5390951DED3BA6003B7BB5 /* ChatqqUITests.m */ = {isa = PBXFileReference; lastKnownFileType = sourcecode.c.objc; path = ChatqqUITests.m; sourceTree = "<group>"; };
		6B5390971DED3BA6003B7BB5 /* Info.plist */ = {isa = PBXFileReference; lastKnownFileType = text.plist.xml; path = Info.plist; sourceTree = "<group>"; };
		6B5390AB1DED3C09003B7BB5 /* AppDelegate.h */ = {isa = PBXFileReference; fileEncoding = 4; lastKnownFileType = sourcecode.c.h; path = AppDelegate.h; sourceTree = "<group>"; };
		6B5390AC1DED3C09003B7BB5 /* AppDelegate.m */ = {isa = PBXFileReference; fileEncoding = 4; lastKnownFileType = sourcecode.c.objc; path = AppDelegate.m; sourceTree = "<group>"; };
		6B5390AE1DED3F9A003B7BB5 /* autoreply.plist */ = {isa = PBXFileReference; fileEncoding = 4; lastKnownFileType = text.plist.xml; path = autoreply.plist; sourceTree = "<group>"; };
		6B5390AF1DED3F9A003B7BB5 /* messages.plist */ = {isa = PBXFileReference; fileEncoding = 4; lastKnownFileType = text.plist.xml; path = messages.plist; sourceTree = "<group>"; };
		6B5390B21DED40CD003B7BB5 /* Images.xcassets */ = {isa = PBXFileReference; lastKnownFileType = folder.assetcatalog; path = Images.xcassets; sourceTree = "<group>"; };
		6B5390B41DED50D6003B7BB5 /* HMMessage.h */ = {isa = PBXFileReference; fileEncoding = 4; lastKnownFileType = sourcecode.c.h; path = HMMessage.h; sourceTree = "<group>"; };
		6B5390B51DED50D6003B7BB5 /* HMMessage.m */ = {isa = PBXFileReference; fileEncoding = 4; lastKnownFileType = sourcecode.c.objc; path = HMMessage.m; sourceTree = "<group>"; };
		6B5390B71DED50E5003B7BB5 /* HMMessageFrame.h */ = {isa = PBXFileReference; fileEncoding = 4; lastKnownFileType = sourcecode.c.h; path = HMMessageFrame.h; sourceTree = "<group>"; };
		6B5390B81DED50E5003B7BB5 /* HMMessageFrame.m */ = {isa = PBXFileReference; fileEncoding = 4; lastKnownFileType = sourcecode.c.objc; path = HMMessageFrame.m; sourceTree = "<group>"; };
		6B5390BA1DED51AE003B7BB5 /* PrefixHeader.pch */ = {isa = PBXFileReference; fileEncoding = 4; lastKnownFileType = sourcecode.c.h; path = PrefixHeader.pch; sourceTree = "<group>"; };
		6B5390BB1DED5993003B7BB5 /* HMMessageCell.h */ = {isa = PBXFileReference; fileEncoding = 4; lastKnownFileType = sourcecode.c.h; path = HMMessageCell.h; sourceTree = "<group>"; };
		6B5390BC1DED5993003B7BB5 /* HMMessageCell.m */ = {isa = PBXFileReference; fileEncoding = 4; lastKnownFileType = sourcecode.c.objc; path = HMMessageCell.m; sourceTree = "<group>"; };
		6B5390BF1DED5AA7003B7BB5 /* NSString+Extension.h */ = {isa = PBXFileReference; fileEncoding = 4; lastKnownFileType = sourcecode.c.h; path = "NSString+Extension.h"; sourceTree = "<group>"; };
		6B5390C01DED5AA7003B7BB5 /* NSString+Extension.m */ = {isa = PBXFileReference; fileEncoding = 4; lastKnownFileType = sourcecode.c.objc; path = "NSString+Extension.m"; sourceTree = "<group>"; };
		6B5390C11DED5AA7003B7BB5 /* UIImage+Extension.h */ = {isa = PBXFileReference; fileEncoding = 4; lastKnownFileType = sourcecode.c.h; path = "UIImage+Extension.h"; sourceTree = "<group>"; };
		6B5390C21DED5AA7003B7BB5 /* UIImage+Extension.m */ = {isa = PBXFileReference; fileEncoding = 4; lastKnownFileType = sourcecode.c.objc; path = "UIImage+Extension.m"; sourceTree = "<group>"; };
		6B5390C51DED5DB0003B7BB5 /* HMViewController.h */ = {isa = PBXFileReference; fileEncoding = 4; lastKnownFileType = sourcecode.c.h; path = HMViewController.h; sourceTree = "<group>"; };
		6B5390C61DED5DB0003B7BB5 /* HMViewController.m */ = {isa = PBXFileReference; fileEncoding = 4; lastKnownFileType = sourcecode.c.objc; path = HMViewController.m; sourceTree = "<group>"; };
		6BBF35131DED634A00363914 /* MJViewController.h */ = {isa = PBXFileReference; fileEncoding = 4; lastKnownFileType = sourcecode.c.h; path = MJViewController.h; sourceTree = "<group>"; };
		6BBF35141DED634A00363914 /* MJViewController.m */ = {isa = PBXFileReference; fileEncoding = 4; lastKnownFileType = sourcecode.c.objc; path = MJViewController.m; sourceTree = "<group>"; };
/* End PBXFileReference section */

/* Begin PBXFrameworksBuildPhase section */
		6B53906A1DED3BA6003B7BB5 /* Frameworks */ = {
			isa = PBXFrameworksBuildPhase;
			buildActionMask = 2147483647;
			files = (
			);
			runOnlyForDeploymentPostprocessing = 0;
		};
		6B5390831DED3BA6003B7BB5 /* Frameworks */ = {
			isa = PBXFrameworksBuildPhase;
			buildActionMask = 2147483647;
			files = (
			);
			runOnlyForDeploymentPostprocessing = 0;
		};
		6B53908E1DED3BA6003B7BB5 /* Frameworks */ = {
			isa = PBXFrameworksBuildPhase;
			buildActionMask = 2147483647;
			files = (
			);
			runOnlyForDeploymentPostprocessing = 0;
		};
/* End PBXFrameworksBuildPhase section */

/* Begin PBXGroup section */
		6B5390641DED3BA6003B7BB5 = {
			isa = PBXGroup;
			children = (
				6B53906F1DED3BA6003B7BB5 /* Chatqq */,
				6B5390891DED3BA6003B7BB5 /* ChatqqTests */,
				6B5390941DED3BA6003B7BB5 /* ChatqqUITests */,
				6B53906E1DED3BA6003B7BB5 /* Products */,
			);
			sourceTree = "<group>";
		};
		6B53906E1DED3BA6003B7BB5 /* Products */ = {
			isa = PBXGroup;
			children = (
				6B53906D1DED3BA6003B7BB5 /* Chatqq.app */,
				6B5390861DED3BA6003B7BB5 /* ChatqqTests.xctest */,
				6B5390911DED3BA6003B7BB5 /* ChatqqUITests.xctest */,
			);
			name = Products;
			sourceTree = "<group>";
		};
		6B53906F1DED3BA6003B7BB5 /* Chatqq */ = {
			isa = PBXGroup;
			children = (
				6B5390A31DED3BD1003B7BB5 /* Classes */,
				6B5390791DED3BA6003B7BB5 /* Main.storyboard */,
				6B53907E1DED3BA6003B7BB5 /* LaunchScreen.storyboard */,
				6B5390811DED3BA6003B7BB5 /* Info.plist */,
				6B5390B21DED40CD003B7BB5 /* Images.xcassets */,
				6B5390701DED3BA6003B7BB5 /* Supporting Files */,
			);
			path = Chatqq;
			sourceTree = "<group>";
		};
		6B5390701DED3BA6003B7BB5 /* Supporting Files */ = {
			isa = PBXGroup;
			children = (
				6B5390AE1DED3F9A003B7BB5 /* autoreply.plist */,
				6B5390AF1DED3F9A003B7BB5 /* messages.plist */,
				6B5390711DED3BA6003B7BB5 /* main.m */,
				6B5390BA1DED51AE003B7BB5 /* PrefixHeader.pch */,
			);
			name = "Supporting Files";
			sourceTree = "<group>";
		};
		6B5390891DED3BA6003B7BB5 /* ChatqqTests */ = {
			isa = PBXGroup;
			children = (
				6B53908A1DED3BA6003B7BB5 /* ChatqqTests.m */,
				6B53908C1DED3BA6003B7BB5 /* Info.plist */,
			);
			path = ChatqqTests;
			sourceTree = "<group>";
		};
		6B5390941DED3BA6003B7BB5 /* ChatqqUITests */ = {
			isa = PBXGroup;
			children = (
				6B5390951DED3BA6003B7BB5 /* ChatqqUITests.m */,
				6B5390971DED3BA6003B7BB5 /* Info.plist */,
			);
			path = ChatqqUITests;
			sourceTree = "<group>";
		};
		6B5390A31DED3BD1003B7BB5 /* Classes */ = {
			isa = PBXGroup;
			children = (
				6B5390BE1DED5AA7003B7BB5 /* Category */,
				6B5390A41DED3BD1003B7BB5 /* Controller */,
				6B5390A51DED3BD1003B7BB5 /* Model */,
				6B5390A71DED3BD1003B7BB5 /* View */,
				6B5390A61DED3BD1003B7BB5 /* Other */,
			);
			path = Classes;
			sourceTree = "<group>";
		};
		6B5390A41DED3BD1003B7BB5 /* Controller */ = {
			isa = PBXGroup;
			children = (
				6BBF35131DED634A00363914 /* MJViewController.h */,
				6BBF35141DED634A00363914 /* MJViewController.m */,
				6B5390C51DED5DB0003B7BB5 /* HMViewController.h */,
				6B5390C61DED5DB0003B7BB5 /* HMViewController.m */,
			);
			path = Controller;
			sourceTree = "<group>";
		};
		6B5390A51DED3BD1003B7BB5 /* Model */ = {
			isa = PBXGroup;
			children = (
				6B5390B41DED50D6003B7BB5 /* HMMessage.h */,
				6B5390B51DED50D6003B7BB5 /* HMMessage.m */,
				6B5390B71DED50E5003B7BB5 /* HMMessageFrame.h */,
				6B5390B81DED50E5003B7BB5 /* HMMessageFrame.m */,
			);
			path = Model;
			sourceTree = "<group>";
		};
		6B5390A61DED3BD1003B7BB5 /* Other */ = {
			isa = PBXGroup;
			children = (
				6B5390AB1DED3C09003B7BB5 /* AppDelegate.h */,
				6B5390AC1DED3C09003B7BB5 /* AppDelegate.m */,
			);
			path = Other;
			sourceTree = "<group>";
		};
		6B5390A71DED3BD1003B7BB5 /* View */ = {
			isa = PBXGroup;
			children = (
				6B5390BB1DED5993003B7BB5 /* HMMessageCell.h */,
				6B5390BC1DED5993003B7BB5 /* HMMessageCell.m */,
			);
			path = View;
			sourceTree = "<group>";
		};
		6B5390BE1DED5AA7003B7BB5 /* Category */ = {
			isa = PBXGroup;
			children = (
				6B5390BF1DED5AA7003B7BB5 /* NSString+Extension.h */,
				6B5390C01DED5AA7003B7BB5 /* NSString+Extension.m */,
				6B5390C11DED5AA7003B7BB5 /* UIImage+Extension.h */,
				6B5390C21DED5AA7003B7BB5 /* UIImage+Extension.m */,
			);
			path = Category;
			sourceTree = "<group>";
		};
/* End PBXGroup section */

/* Begin PBXNativeTarget section */
		6B53906C1DED3BA6003B7BB5 /* Chatqq */ = {
			isa = PBXNativeTarget;
			buildConfigurationList = 6B53909A1DED3BA6003B7BB5 /* Build configuration list for PBXNativeTarget "Chatqq" */;
			buildPhases = (
				6B5390691DED3BA6003B7BB5 /* Sources */,
				6B53906A1DED3BA6003B7BB5 /* Frameworks */,
				6B53906B1DED3BA6003B7BB5 /* Resources */,
			);
			buildRules = (
			);
			dependencies = (
			);
			name = Chatqq;
			productName = Chatqq;
			productReference = 6B53906D1DED3BA6003B7BB5 /* Chatqq.app */;
			productType = "com.apple.product-type.application";
		};
		6B5390851DED3BA6003B7BB5 /* ChatqqTests */ = {
			isa = PBXNativeTarget;
			buildConfigurationList = 6B53909D1DED3BA6003B7BB5 /* Build configuration list for PBXNativeTarget "ChatqqTests" */;
			buildPhases = (
				6B5390821DED3BA6003B7BB5 /* Sources */,
				6B5390831DED3BA6003B7BB5 /* Frameworks */,
				6B5390841DED3BA6003B7BB5 /* Resources */,
			);
			buildRules = (
			);
			dependencies = (
				6B5390881DED3BA6003B7BB5 /* PBXTargetDependency */,
			);
			name = ChatqqTests;
			productName = ChatqqTests;
			productReference = 6B5390861DED3BA6003B7BB5 /* ChatqqTests.xctest */;
			productType = "com.apple.product-type.bundle.unit-test";
		};
		6B5390901DED3BA6003B7BB5 /* ChatqqUITests */ = {
			isa = PBXNativeTarget;
			buildConfigurationList = 6B5390A01DED3BA6003B7BB5 /* Build configuration list for PBXNativeTarget "ChatqqUITests" */;
			buildPhases = (
				6B53908D1DED3BA6003B7BB5 /* Sources */,
				6B53908E1DED3BA6003B7BB5 /* Frameworks */,
				6B53908F1DED3BA6003B7BB5 /* Resources */,
			);
			buildRules = (
			);
			dependencies = (
				6B5390931DED3BA6003B7BB5 /* PBXTargetDependency */,
			);
			name = ChatqqUITests;
			productName = ChatqqUITests;
			productReference = 6B5390911DED3BA6003B7BB5 /* ChatqqUITests.xctest */;
			productType = "com.apple.product-type.bundle.ui-testing";
		};
/* End PBXNativeTarget section */

/* Begin PBXProject section */
		6B5390651DED3BA6003B7BB5 /* Project object */ = {
			isa = PBXProject;
			attributes = {
				LastUpgradeCheck = 0810;
				ORGANIZATIONNAME = HuMeng;
				TargetAttributes = {
					6B53906C1DED3BA6003B7BB5 = {
						CreatedOnToolsVersion = 8.1;
						DevelopmentTeam = 75AXUYD58X;
						ProvisioningStyle = Automatic;
					};
					6B5390851DED3BA6003B7BB5 = {
						CreatedOnToolsVersion = 8.1;
						ProvisioningStyle = Automatic;
						TestTargetID = 6B53906C1DED3BA6003B7BB5;
					};
					6B5390901DED3BA6003B7BB5 = {
						CreatedOnToolsVersion = 8.1;
						ProvisioningStyle = Automatic;
						TestTargetID = 6B53906C1DED3BA6003B7BB5;
					};
				};
			};
			buildConfigurationList = 6B5390681DED3BA6003B7BB5 /* Build configuration list for PBXProject "Chatqq" */;
			compatibilityVersion = "Xcode 3.2";
			developmentRegion = English;
			hasScannedForEncodings = 0;
			knownRegions = (
				en,
				Base,
			);
			mainGroup = 6B5390641DED3BA6003B7BB5;
			productRefGroup = 6B53906E1DED3BA6003B7BB5 /* Products */;
			projectDirPath = "";
			projectRoot = "";
			targets = (
				6B53906C1DED3BA6003B7BB5 /* Chatqq */,
				6B5390851DED3BA6003B7BB5 /* ChatqqTests */,
				6B5390901DED3BA6003B7BB5 /* ChatqqUITests */,
			);
		};
/* End PBXProject section */

/* Begin PBXResourcesBuildPhase section */
		6B53906B1DED3BA6003B7BB5 /* Resources */ = {
			isa = PBXResourcesBuildPhase;
			buildActionMask = 2147483647;
			files = (
				6B5390801DED3BA6003B7BB5 /* LaunchScreen.storyboard in Resources */,
				6B5390B11DED3F9A003B7BB5 /* messages.plist in Resources */,
				6B5390B31DED40CD003B7BB5 /* Images.xcassets in Resources */,
				6B5390B01DED3F9A003B7BB5 /* autoreply.plist in Resources */,
				6B53907B1DED3BA6003B7BB5 /* Main.storyboard in Resources */,
			);
			runOnlyForDeploymentPostprocessing = 0;
		};
		6B5390841DED3BA6003B7BB5 /* Resources */ = {
			isa = PBXResourcesBuildPhase;
			buildActionMask = 2147483647;
			files = (
			);
			runOnlyForDeploymentPostprocessing = 0;
		};
		6B53908F1DED3BA6003B7BB5 /* Resources */ = {
			isa = PBXResourcesBuildPhase;
			buildActionMask = 2147483647;
			files = (
			);
			runOnlyForDeploymentPostprocessing = 0;
		};
/* End PBXResourcesBuildPhase section */

/* Begin PBXSourcesBuildPhase section */
		6B5390691DED3BA6003B7BB5 /* Sources */ = {
			isa = PBXSourcesBuildPhase;
			buildActionMask = 2147483647;
			files = (
				6B5390B61DED50D6003B7BB5 /* HMMessage.m in Sources */,
				6B5390BD1DED5993003B7BB5 /* HMMessageCell.m in Sources */,
				6B5390C71DED5DB0003B7BB5 /* HMViewController.m in Sources */,
				6B5390721DED3BA6003B7BB5 /* main.m in Sources */,
				6B5390AD1DED3C09003B7BB5 /* AppDelegate.m in Sources */,
				6B5390B91DED50E5003B7BB5 /* HMMessageFrame.m in Sources */,
				6B5390C31DED5AA7003B7BB5 /* NSString+Extension.m in Sources */,
				6BBF35151DED634A00363914 /* MJViewController.m in Sources */,
				6B5390C41DED5AA7003B7BB5 /* UIImage+Extension.m in Sources */,
			);
			runOnlyForDeploymentPostprocessing = 0;
		};
		6B5390821DED3BA6003B7BB5 /* Sources */ = {
			isa = PBXSourcesBuildPhase;
			buildActionMask = 2147483647;
			files = (
				6B53908B1DED3BA6003B7BB5 /* ChatqqTests.m in Sources */,
			);
			runOnlyForDeploymentPostprocessing = 0;
		};
		6B53908D1DED3BA6003B7BB5 /* Sources */ = {
			isa = PBXSourcesBuildPhase;
			buildActionMask = 2147483647;
			files = (
				6B5390961DED3BA6003B7BB5 /* ChatqqUITests.m in Sources */,
			);
			runOnlyForDeploymentPostprocessing = 0;
		};
/* End PBXSourcesBuildPhase section */

/* Begin PBXTargetDependency section */
		6B5390881DED3BA6003B7BB5 /* PBXTargetDependency */ = {
			isa = PBXTargetDependency;
			target = 6B53906C1DED3BA6003B7BB5 /* Chatqq */;
			targetProxy = 6B5390871DED3BA6003B7BB5 /* PBXContainerItemProxy */;
		};
		6B5390931DED3BA6003B7BB5 /* PBXTargetDependency */ = {
			isa = PBXTargetDependency;
			target = 6B53906C1DED3BA6003B7BB5 /* Chatqq */;
			targetProxy = 6B5390921DED3BA6003B7BB5 /* PBXContainerItemProxy */;
		};
/* End PBXTargetDependency section */

/* Begin PBXVariantGroup section */
		6B5390791DED3BA6003B7BB5 /* Main.storyboard */ = {
			isa = PBXVariantGroup;
			children = (
				6B53907A1DED3BA6003B7BB5 /* Base */,
			);
			name = Main.storyboard;
			sourceTree = "<group>";
		};
		6B53907E1DED3BA6003B7BB5 /* LaunchScreen.storyboard */ = {
			isa = PBXVariantGroup;
			children = (
				6B53907F1DED3BA6003B7BB5 /* Base */,
			);
			name = LaunchScreen.storyboard;
			sourceTree = "<group>";
		};
/* End PBXVariantGroup section */

/* Begin XCBuildConfiguration section */
		6B5390981DED3BA6003B7BB5 /* Debug */ = {
			isa = XCBuildConfiguration;
			buildSettings = {
				ALWAYS_SEARCH_USER_PATHS = NO;
				CLANG_ANALYZER_NONNULL = YES;
				CLANG_CXX_LANGUAGE_STANDARD = "gnu++0x";
				CLANG_CXX_LIBRARY = "libc++";
				CLANG_ENABLE_MODULES = YES;
				CLANG_ENABLE_OBJC_ARC = YES;
				CLANG_WARN_BOOL_CONVERSION = YES;
				CLANG_WARN_CONSTANT_CONVERSION = YES;
				CLANG_WARN_DIRECT_OBJC_ISA_USAGE = YES_ERROR;
				CLANG_WARN_DOCUMENTATION_COMMENTS = YES;
				CLANG_WARN_EMPTY_BODY = YES;
				CLANG_WARN_ENUM_CONVERSION = YES;
				CLANG_WARN_INFINITE_RECURSION = YES;
				CLANG_WARN_INT_CONVERSION = YES;
				CLANG_WARN_OBJC_ROOT_CLASS = YES_ERROR;
				CLANG_WARN_SUSPICIOUS_MOVES = YES;
				CLANG_WARN_UNREACHABLE_CODE = YES;
				CLANG_WARN__DUPLICATE_METHOD_MATCH = YES;
				"CODE_SIGN_IDENTITY[sdk=iphoneos*]" = "iPhone Developer";
				COPY_PHASE_STRIP = NO;
				DEBUG_INFORMATION_FORMAT = dwarf;
				ENABLE_STRICT_OBJC_MSGSEND = YES;
				ENABLE_TESTABILITY = YES;
				GCC_C_LANGUAGE_STANDARD = gnu99;
				GCC_DYNAMIC_NO_PIC = NO;
				GCC_NO_COMMON_BLOCKS = YES;
				GCC_OPTIMIZATION_LEVEL = 0;
				GCC_PREPROCESSOR_DEFINITIONS = (
					"DEBUG=1",
					"$(inherited)",
				);
				GCC_WARN_64_TO_32_BIT_CONVERSION = YES;
				GCC_WARN_ABOUT_RETURN_TYPE = YES_ERROR;
				GCC_WARN_UNDECLARED_SELECTOR = YES;
				GCC_WARN_UNINITIALIZED_AUTOS = YES_AGGRESSIVE;
				GCC_WARN_UNUSED_FUNCTION = YES;
				GCC_WARN_UNUSED_VARIABLE = YES;
				IPHONEOS_DEPLOYMENT_TARGET = 10.1;
				MTL_ENABLE_DEBUG_INFO = YES;
				ONLY_ACTIVE_ARCH = YES;
				SDKROOT = iphoneos;
				TARGETED_DEVICE_FAMILY = "1,2";
			};
			name = Debug;
		};
		6B5390991DED3BA6003B7BB5 /* Release */ = {
			isa = XCBuildConfiguration;
			buildSettings = {
				ALWAYS_SEARCH_USER_PATHS = NO;
				CLANG_ANALYZER_NONNULL = YES;
				CLANG_CXX_LANGUAGE_STANDARD = "gnu++0x";
				CLANG_CXX_LIBRARY = "libc++";
				CLANG_ENABLE_MODULES = YES;
				CLANG_ENABLE_OBJC_ARC = YES;
				CLANG_WARN_BOOL_CONVERSION = YES;
				CLANG_WARN_CONSTANT_CONVERSION = YES;
				CLANG_WARN_DIRECT_OBJC_ISA_USAGE = YES_ERROR;
				CLANG_WARN_DOCUMENTATION_COMMENTS = YES;
				CLANG_WARN_EMPTY_BODY = YES;
				CLANG_WARN_ENUM_CONVERSION = YES;
				CLANG_WARN_INFINITE_RECURSION = YES;
				CLANG_WARN_INT_CONVERSION = YES;
				CLANG_WARN_OBJC_ROOT_CLASS = YES_ERROR;
				CLANG_WARN_SUSPICIOUS_MOVES = YES;
				CLANG_WARN_UNREACHABLE_CODE = YES;
				CLANG_WARN__DUPLICATE_METHOD_MATCH = YES;
				"CODE_SIGN_IDENTITY[sdk=iphoneos*]" = "iPhone Developer";
				COPY_PHASE_STRIP = NO;
				DEBUG_INFORMATION_FORMAT = "dwarf-with-dsym";
				ENABLE_NS_ASSERTIONS = NO;
				ENABLE_STRICT_OBJC_MSGSEND = YES;
				GCC_C_LANGUAGE_STANDARD = gnu99;
				GCC_NO_COMMON_BLOCKS = YES;
				GCC_WARN_64_TO_32_BIT_CONVERSION = YES;
				GCC_WARN_ABOUT_RETURN_TYPE = YES_ERROR;
				GCC_WARN_UNDECLARED_SELECTOR = YES;
				GCC_WARN_UNINITIALIZED_AUTOS = YES_AGGRESSIVE;
				GCC_WARN_UNUSED_FUNCTION = YES;
				GCC_WARN_UNUSED_VARIABLE = YES;
				IPHONEOS_DEPLOYMENT_TARGET = 10.1;
				MTL_ENABLE_DEBUG_INFO = NO;
				SDKROOT = iphoneos;
				TARGETED_DEVICE_FAMILY = "1,2";
				VALIDATE_PRODUCT = YES;
			};
			name = Release;
		};
		6B53909B1DED3BA6003B7BB5 /* Debug */ = {
			isa = XCBuildConfiguration;
			buildSettings = {
				ASSETCATALOG_COMPILER_APPICON_NAME = AppIcon;
				ASSETCATALOG_COMPILER_LAUNCHIMAGE_NAME = "LaunchImage-2";
				DEVELOPMENT_TEAM = 75AXUYD58X;
				GCC_PREFIX_HEADER = /Users/humeng/Downloads/ChatQQ/Chatqq/Chatqq/PrefixHeader.pch;
				INFOPLIST_FILE = Chatqq/Info.plist;
				IPHONEOS_DEPLOYMENT_TARGET = 8.0;
				LD_RUNPATH_SEARCH_PATHS = "$(inherited) @executable_path/Frameworks";
				PRODUCT_BUNDLE_IDENTIFIER = hrt.com.cn;
				PRODUCT_NAME = "$(TARGET_NAME)";
			};
			name = Debug;
		};
		6B53909C1DED3BA6003B7BB5 /* Release */ = {
			isa = XCBuildConfiguration;
			buildSettings = {
				ASSETCATALOG_COMPILER_APPICON_NAME = AppIcon;
				ASSETCATALOG_COMPILER_LAUNCHIMAGE_NAME = "LaunchImage-2";
				DEVELOPMENT_TEAM = 75AXUYD58X;
				GCC_PREFIX_HEADER = /Users/humeng/Downloads/ChatQQ/Chatqq/Chatqq/PrefixHeader.pch;
				INFOPLIST_FILE = Chatqq/Info.plist;
				IPHONEOS_DEPLOYMENT_TARGET = 8.0;
				LD_RUNPATH_SEARCH_PATHS = "$(inherited) @executable_path/Frameworks";
				PRODUCT_BUNDLE_IDENTIFIER = hrt.com.cn;
				PRODUCT_NAME = "$(TARGET_NAME)";
			};
			name = Release;
		};
		6B53909E1DED3BA6003B7BB5 /* Debug */ = {
			isa = XCBuildConfiguration;
			buildSettings = {
				BUNDLE_LOADER = "$(TEST_HOST)";
				INFOPLIST_FILE = ChatqqTests/Info.plist;
				LD_RUNPATH_SEARCH_PATHS = "$(inherited) @executable_path/Frameworks @loader_path/Frameworks";
				PRODUCT_BUNDLE_IDENTIFIER = HM.ChatqqTests;
				PRODUCT_NAME = "$(TARGET_NAME)";
				TEST_HOST = "$(BUILT_PRODUCTS_DIR)/Chatqq.app/Chatqq";
			};
			name = Debug;
		};
		6B53909F1DED3BA6003B7BB5 /* Release */ = {
			isa = XCBuildConfiguration;
			buildSettings = {
				BUNDLE_LOADER = "$(TEST_HOST)";
				INFOPLIST_FILE = ChatqqTests/Info.plist;
				LD_RUNPATH_SEARCH_PATHS = "$(inherited) @executable_path/Frameworks @loader_path/Frameworks";
				PRODUCT_BUNDLE_IDENTIFIER = HM.ChatqqTests;
				PRODUCT_NAME = "$(TARGET_NAME)";
				TEST_HOST = "$(BUILT_PRODUCTS_DIR)/Chatqq.app/Chatqq";
			};
			name = Release;
		};
		6B5390A11DED3BA6003B7BB5 /* Debug */ = {
			isa = XCBuildConfiguration;
			buildSettings = {
				INFOPLIST_FILE = ChatqqUITests/Info.plist;
				LD_RUNPATH_SEARCH_PATHS = "$(inherited) @executable_path/Frameworks @loader_path/Frameworks";
				PRODUCT_BUNDLE_IDENTIFIER = HM.ChatqqUITests;
				PRODUCT_NAME = "$(TARGET_NAME)";
				TEST_TARGET_NAME = Chatqq;
			};
			name = Debug;
		};
		6B5390A21DED3BA6003B7BB5 /* Release */ = {
			isa = XCBuildConfiguration;
			buildSettings = {
				INFOPLIST_FILE = ChatqqUITests/Info.plist;
				LD_RUNPATH_SEARCH_PATHS = "$(inherited) @executable_path/Frameworks @loader_path/Frameworks";
				PRODUCT_BUNDLE_IDENTIFIER = HM.ChatqqUITests;
				PRODUCT_NAME = "$(TARGET_NAME)";
				TEST_TARGET_NAME = Chatqq;
			};
			name = Release;
		};
/* End XCBuildConfiguration section */

/* Begin XCConfigurationList section */
		6B5390681DED3BA6003B7BB5 /* Build configuration list for PBXProject "Chatqq" */ = {
			isa = XCConfigurationList;
			buildConfigurations = (
				6B5390981DED3BA6003B7BB5 /* Debug */,
				6B5390991DED3BA6003B7BB5 /* Release */,
			);
			defaultConfigurationIsVisible = 0;
			defaultConfigurationName = Release;
		};
		6B53909A1DED3BA6003B7BB5 /* Build configuration list for PBXNativeTarget "Chatqq" */ = {
			isa = XCConfigurationList;
			buildConfigurations = (
				6B53909B1DED3BA6003B7BB5 /* Debug */,
				6B53909C1DED3BA6003B7BB5 /* Release */,
			);
			defaultConfigurationIsVisible = 0;
			defaultConfigurationName = Release;
		};
		6B53909D1DED3BA6003B7BB5 /* Build configuration list for PBXNativeTarget "ChatqqTests" */ = {
			isa = XCConfigurationList;
			buildConfigurations = (
				6B53909E1DED3BA6003B7BB5 /* Debug */,
				6B53909F1DED3BA6003B7BB5 /* Release */,
			);
			defaultConfigurationIsVisible = 0;
			defaultConfigurationName = Release;
		};
		6B5390A01DED3BA6003B7BB5 /* Build configuration list for PBXNativeTarget "ChatqqUITests" */ = {
			isa = XCConfigurationList;
			buildConfigurations = (
				6B5390A11DED3BA6003B7BB5 /* Debug */,
				6B5390A21DED3BA6003B7BB5 /* Release */,
			);
			defaultConfigurationIsVisible = 0;
			defaultConfigurationName = Release;
		};
/* End XCConfigurationList section */
	};
	rootObject = 6B5390651DED3BA6003B7BB5 /* Project object */;
}
